PODS:
  - Kingfisher (6.3.1)
  - MovieList (1.0):
    - Kingfisher
    - Shared
    - Utils
  - MovieList/Tests (1.0):
    - Kingfisher
    - Shared
    - Utils
  - Networking (1.0):
    - Shared
    - Utils
  - Networking/Tests (1.0):
    - Shared
    - Utils
  - PagesLinks (1.0)
  - PagesLinks/Tests (1.0)
  - Shared (1.0)
  - Utils (1.0):
    - PagesLinks
    - Shared

DEPENDENCIES:
  - Kingfisher
  - MovieList (from `DevPods/MovieList`)
  - MovieList/Tests (from `DevPods/MovieList`)
  - Networking (from `DevPods/Networking`)
  - Networking/Tests (from `DevPods/Networking`)
  - PagesLinks (from `DevPods/PagesLinks`)
  - PagesLinks/Tests (from `DevPods/PagesLinks`)
  - Shared (from `DevPods/Shared`)
  - Utils (from `DevPods/Utils`)

SPEC REPOS:
  trunk:
    - Kingfisher

EXTERNAL SOURCES:
  MovieList:
    :path: DevPods/MovieList
  Networking:
    :path: DevPods/Networking
  PagesLinks:
    :path: DevPods/PagesLinks
  Shared:
    :path: DevPods/Shared
  Utils:
    :path: DevPods/Utils

SPEC CHECKSUMS:
  Kingfisher: 016c8b653a35add51dd34a3aba36b580041acc74
  MovieList: 2918ca536e8c1f18fb47b8da706b41fc1aee3f01
  Networking: 36a8c5618a9c302667a589c07e44a9d335015151
  PagesLinks: 67639ff36262f18caaa32309855fc84cec19171e
  Shared: daef0ce0d7ed8c878795eeac0969606cf9c4233c
  Utils: 1e3e981a20eddc3fef6539bcc7ca4e615c72f3d8

PODFILE CHECKSUM: e4fac438a373bd53d642c610cff0b80d3bc07889

COCOAPODS: 1.10.1
