// !$*UTF8*$!
{
	archiveVersion = 1;
	classes = {
	};
	objectVersion = 51;
	objects = {

/* Begin PBXBuildFile section */
		2126B4970BAF7982A6F49113 /* Pods_InterviewUITests.framework in Frameworks */ = {isa = PBXBuildFile; fileRef = 565D475C37C2A64F1D1223E4 /* Pods_InterviewUITests.framework */; };
		2394C28D27B98F730076F93E /* AppCoordinator.swift in Sources */ = {isa = PBXBuildFile; fileRef = 2394C28C27B98F730076F93E /* AppCoordinator.swift */; };
		53247D657BAC905B5BA4EE63 /* Pods_Interview.framework in Frameworks */ = {isa = PBXBuildFile; fileRef = A74A522EF8B2905E3613CE3B /* Pods_Interview.framework */; };
		B36C868B26AF29D40023B12E /* AppDelegate.swift in Sources */ = {isa = PBXBuildFile; fileRef = B36C868A26AF29D40023B12E /* AppDelegate.swift */; };
		B36C868D26AF29D40023B12E /* SceneDelegate.swift in Sources */ = {isa = PBXBuildFile; fileRef = B36C868C26AF29D40023B12E /* SceneDelegate.swift */; };
		B36C868F26AF29D40023B12E /* IntroViewController.swift in Sources */ = {isa = PBXBuildFile; fileRef = B36C868E26AF29D40023B12E /* IntroViewController.swift */; };
		B36C869426AF29D60023B12E /* Assets.xcassets in Resources */ = {isa = PBXBuildFile; fileRef = B36C869326AF29D60023B12E /* Assets.xcassets */; };
		B36C869726AF29D60023B12E /* LaunchScreen.storyboard in Resources */ = {isa = PBXBuildFile; fileRef = B36C869526AF29D60023B12E /* LaunchScreen.storyboard */; };
		B36C86A226AF29D60023B12E /* IntroBuilderTests.swift in Sources */ = {isa = PBXBuildFile; fileRef = B36C86A126AF29D60023B12E /* IntroBuilderTests.swift */; };
		B36C86AD26AF29D60023B12E /* BaseTest.swift in Sources */ = {isa = PBXBuildFile; fileRef = B36C86AC26AF29D60023B12E /* BaseTest.swift */; };
		B36C86BC26AF2B990023B12E /* IntroViewPresenter.swift in Sources */ = {isa = PBXBuildFile; fileRef = B36C86BB26AF2B990023B12E /* IntroViewPresenter.swift */; };
		B36C86FD26AF35AA0023B12E /* IntroView.swift in Sources */ = {isa = PBXBuildFile; fileRef = B36C86FC26AF35AA0023B12E /* IntroView.swift */; };
		B36C870826AF38CD0023B12E /* Localizable.strings in Resources */ = {isa = PBXBuildFile; fileRef = B36C870A26AF38CD0023B12E /* Localizable.strings */; };
		B384505826B0329400C183D9 /* UIKit.framework in Frameworks */ = {isa = PBXBuildFile; fileRef = B384505726B0329400C183D9 /* UIKit.framework */; };
		B384508626B0700E00C183D9 /* IntroViewRouter.swift in Sources */ = {isa = PBXBuildFile; fileRef = B384508526B0700E00C183D9 /* IntroViewRouter.swift */; };
		B384513326B0968400C183D9 /* IntroBuilder.swift in Sources */ = {isa = PBXBuildFile; fileRef = B384513226B0968400C183D9 /* IntroBuilder.swift */; };
		B384513826B1A5CD00C183D9 /* MovieListIntegration.swift in Sources */ = {isa = PBXBuildFile; fileRef = B384513726B1A5CD00C183D9 /* MovieListIntegration.swift */; };
		B384514526B1B16E00C183D9 /* String+Variables.swift in Sources */ = {isa = PBXBuildFile; fileRef = B384514426B1B16E00C183D9 /* String+Variables.swift */; };
		B384514726B1B1F600C183D9 /* MovieListAPIFetcherIntegration.swift in Sources */ = {isa = PBXBuildFile; fileRef = B384514626B1B1F600C183D9 /* MovieListAPIFetcherIntegration.swift */; };
		B3E38AF6271B2544009F5FCE /* TestConfigurable.swift in Sources */ = {isa = PBXBuildFile; fileRef = B3E38AF5271B2544009F5FCE /* TestConfigurable.swift */; };
		B3E38AF8271B2568009F5FCE /* FeatureController.swift in Sources */ = {isa = PBXBuildFile; fileRef = B3E38AF7271B2568009F5FCE /* FeatureController.swift */; };
		B3E38AFA271B259C009F5FCE /* FeatureConfiguration+Extensions.swift in Sources */ = {isa = PBXBuildFile; fileRef = B3E38AF9271B259C009F5FCE /* FeatureConfiguration+Extensions.swift */; };
		B3E38AFC271B25F0009F5FCE /* FeatureConfiguration.swift in Sources */ = {isa = PBXBuildFile; fileRef = B3E38AFB271B25F0009F5FCE /* FeatureConfiguration.swift */; };
		B3E38B02271B264E009F5FCE /* MockAPI.swift in Sources */ = {isa = PBXBuildFile; fileRef = B3E38AFF271B264E009F5FCE /* MockAPI.swift */; };
		B3E38B03271B264E009F5FCE /* LocalhostServer.swift in Sources */ = {isa = PBXBuildFile; fileRef = B3E38B00271B264E009F5FCE /* LocalhostServer.swift */; };
		B3E38B04271B264E009F5FCE /* MockFile.swift in Sources */ = {isa = PBXBuildFile; fileRef = B3E38B01271B264E009F5FCE /* MockFile.swift */; };
		B3E38B08271B26EE009F5FCE /* Factory.swift in Sources */ = {isa = PBXBuildFile; fileRef = B3E38B07271B26EE009F5FCE /* Factory.swift */; };
		B3E38B0A271B270B009F5FCE /* SnapshotController.swift in Sources */ = {isa = PBXBuildFile; fileRef = B3E38B09271B270B009F5FCE /* SnapshotController.swift */; };
		B3E38B0C271B2730009F5FCE /* Email.swift in Sources */ = {isa = PBXBuildFile; fileRef = B3E38B0B271B2730009F5FCE /* Email.swift */; };
		B3E38B11271B27AF009F5FCE /* StepsFactory.swift in Sources */ = {isa = PBXBuildFile; fileRef = B3E38B10271B27AF009F5FCE /* StepsFactory.swift */; };
		B3E38B13271B280D009F5FCE /* Steps.swift in Sources */ = {isa = PBXBuildFile; fileRef = B3E38B12271B280D009F5FCE /* Steps.swift */; };
		B3E38B15271B2824009F5FCE /* SnapshotSteps.swift in Sources */ = {isa = PBXBuildFile; fileRef = B3E38B14271B2824009F5FCE /* SnapshotSteps.swift */; };
		B3E38B1B271B28B6009F5FCE /* SnapshotPaths.swift in Sources */ = {isa = PBXBuildFile; fileRef = B3E38B17271B28B6009F5FCE /* SnapshotPaths.swift */; };
		B3E38B1C271B28B6009F5FCE /* Paths.swift in Sources */ = {isa = PBXBuildFile; fileRef = B3E38B18271B28B6009F5FCE /* Paths.swift */; };
		B3E38B1D271B28B6009F5FCE /* MockupServerPaths.swift in Sources */ = {isa = PBXBuildFile; fileRef = B3E38B19271B28B6009F5FCE /* MockupServerPaths.swift */; };
		B3E38B1E271B28B6009F5FCE /* PathsFactory.swift in Sources */ = {isa = PBXBuildFile; fileRef = B3E38B1A271B28B6009F5FCE /* PathsFactory.swift */; };
		B3E38B24271B291B009F5FCE /* SnapshotPage.swift in Sources */ = {isa = PBXBuildFile; fileRef = B3E38B21271B291A009F5FCE /* SnapshotPage.swift */; };
		B3E38B25271B291B009F5FCE /* PageFactory.swift in Sources */ = {isa = PBXBuildFile; fileRef = B3E38B22271B291B009F5FCE /* PageFactory.swift */; };
		B3E38B26271B291B009F5FCE /* SnapShooter.swift in Sources */ = {isa = PBXBuildFile; fileRef = B3E38B23271B291B009F5FCE /* SnapShooter.swift */; };
		B3E38B32271B29C2009F5FCE /* InterruptiblePage.swift in Sources */ = {isa = PBXBuildFile; fileRef = B3E38B27271B29C1009F5FCE /* InterruptiblePage.swift */; };
		B3E38B33271B29C2009F5FCE /* SharedWebCredentailPage.swift in Sources */ = {isa = PBXBuildFile; fileRef = B3E38B28271B29C1009F5FCE /* SharedWebCredentailPage.swift */; };
		B3E38B34271B29C2009F5FCE /* PushNotificationsAlertPage.swift in Sources */ = {isa = PBXBuildFile; fileRef = B3E38B29271B29C1009F5FCE /* PushNotificationsAlertPage.swift */; };
		B3E38B36271B29C2009F5FCE /* ActionSheetPage.swift in Sources */ = {isa = PBXBuildFile; fileRef = B3E38B2B271B29C1009F5FCE /* ActionSheetPage.swift */; };
		B3E38B37271B29C2009F5FCE /* AlertPage.swift in Sources */ = {isa = PBXBuildFile; fileRef = B3E38B2C271B29C2009F5FCE /* AlertPage.swift */; };
		B3E38B38271B29C2009F5FCE /* ToastPage.swift in Sources */ = {isa = PBXBuildFile; fileRef = B3E38B2D271B29C2009F5FCE /* ToastPage.swift */; };
		B3E38B39271B29C2009F5FCE /* WebViewPage.swift in Sources */ = {isa = PBXBuildFile; fileRef = B3E38B2E271B29C2009F5FCE /* WebViewPage.swift */; };
		B3E38B3A271B29C2009F5FCE /* TabBarPage.swift in Sources */ = {isa = PBXBuildFile; fileRef = B3E38B2F271B29C2009F5FCE /* TabBarPage.swift */; };
		B3E38B3C271B29C2009F5FCE /* MinimizablePage.swift in Sources */ = {isa = PBXBuildFile; fileRef = B3E38B31271B29C2009F5FCE /* MinimizablePage.swift */; };
		B3E38B40271B2AC1009F5FCE /* Example.swift in Sources */ = {isa = PBXBuildFile; fileRef = B3E38B3F271B2AC1009F5FCE /* Example.swift */; };
		B3E38B4D271B2AF4009F5FCE /* XCUIElement+Utils.swift in Sources */ = {isa = PBXBuildFile; fileRef = B3E38B42271B2AF3009F5FCE /* XCUIElement+Utils.swift */; };
		B3E38B4E271B2AF4009F5FCE /* BaseScreen+Utils.swift in Sources */ = {isa = PBXBuildFile; fileRef = B3E38B43271B2AF3009F5FCE /* BaseScreen+Utils.swift */; };
		B3E38B4F271B2AF4009F5FCE /* String+Utils.swift in Sources */ = {isa = PBXBuildFile; fileRef = B3E38B44271B2AF3009F5FCE /* String+Utils.swift */; };
		B3E38B50271B2AF4009F5FCE /* Page+Utils.swift in Sources */ = {isa = PBXBuildFile; fileRef = B3E38B45271B2AF3009F5FCE /* Page+Utils.swift */; };
		B3E38B51271B2AF4009F5FCE /* ElementValidator+Utils.swift in Sources */ = {isa = PBXBuildFile; fileRef = B3E38B46271B2AF3009F5FCE /* ElementValidator+Utils.swift */; };
		B3E38B52271B2AF4009F5FCE /* TrackingValidationExpectation.swift in Sources */ = {isa = PBXBuildFile; fileRef = B3E38B47271B2AF3009F5FCE /* TrackingValidationExpectation.swift */; };
		B3E38B53271B2AF4009F5FCE /* TypeAlias.swift in Sources */ = {isa = PBXBuildFile; fileRef = B3E38B48271B2AF3009F5FCE /* TypeAlias.swift */; };
		B3E38B54271B2AF4009F5FCE /* VerifiableElement+Utils.swift in Sources */ = {isa = PBXBuildFile; fileRef = B3E38B49271B2AF3009F5FCE /* VerifiableElement+Utils.swift */; };
		B3E38B55271B2AF4009F5FCE /* Bool+Extensions.swift in Sources */ = {isa = PBXBuildFile; fileRef = B3E38B4A271B2AF3009F5FCE /* Bool+Extensions.swift */; };
		B3E38B56271B2AF4009F5FCE /* LocalizedString.swift in Sources */ = {isa = PBXBuildFile; fileRef = B3E38B4B271B2AF3009F5FCE /* LocalizedString.swift */; };
		B3E38B57271B2AF4009F5FCE /* XCUIApplication+Utils.swift in Sources */ = {isa = PBXBuildFile; fileRef = B3E38B4C271B2AF4009F5FCE /* XCUIApplication+Utils.swift */; };
		B3E38B73271B5BB1009F5FCE /* UITestConstants.swift in Sources */ = {isa = PBXBuildFile; fileRef = B3E38B72271B5BB1009F5FCE /* UITestConstants.swift */; };
		B3E38B7F271C4A3C009F5FCE /* IntroPage.swift in Sources */ = {isa = PBXBuildFile; fileRef = B3E38B7E271C4A3C009F5FCE /* IntroPage.swift */; };
		B3E38B81271C5375009F5FCE /* IntroSteps.swift in Sources */ = {isa = PBXBuildFile; fileRef = B3E38B80271C5375009F5FCE /* IntroSteps.swift */; };
		B3E38B83271C53EE009F5FCE /* IntroPaths.swift in Sources */ = {isa = PBXBuildFile; fileRef = B3E38B82271C53EE009F5FCE /* IntroPaths.swift */; };
		B3E38B85271C57A0009F5FCE /* IntroTests.swift in Sources */ = {isa = PBXBuildFile; fileRef = B3E38B84271C57A0009F5FCE /* IntroTests.swift */; };
		B3E38B87271C5916009F5FCE /* MovieListPage.swift in Sources */ = {isa = PBXBuildFile; fileRef = B3E38B86271C5916009F5FCE /* MovieListPage.swift */; };
		B3E38B89271C5B45009F5FCE /* MovieListSteps.swift in Sources */ = {isa = PBXBuildFile; fileRef = B3E38B88271C5B45009F5FCE /* MovieListSteps.swift */; };
		B3E38B8D271C7B85009F5FCE /* MovieListPaths.swift in Sources */ = {isa = PBXBuildFile; fileRef = B3E38B8C271C7B85009F5FCE /* MovieListPaths.swift */; };
		B3E38B8F271C7C4D009F5FCE /* MovieListTests.swift in Sources */ = {isa = PBXBuildFile; fileRef = B3E38B8E271C7C4D009F5FCE /* MovieListTests.swift */; };
		B3E38B91271C80C0009F5FCE /* movieList.json in Resources */ = {isa = PBXBuildFile; fileRef = B3E38B90271C80C0009F5FCE /* movieList.json */; };
		B3E38B93271C9CEC009F5FCE /* LegacyBaseTest.swift in Sources */ = {isa = PBXBuildFile; fileRef = B3E38B92271C9CEC009F5FCE /* LegacyBaseTest.swift */; };
		B3E38B95271CA417009F5FCE /* BaseUrlBuilder.swift in Sources */ = {isa = PBXBuildFile; fileRef = B3E38B94271CA417009F5FCE /* BaseUrlBuilder.swift */; };
		B3FD000326B9AE1D00F20CFC /* IntroViewPresenterTests.swift in Sources */ = {isa = PBXBuildFile; fileRef = B3FD000226B9AE1D00F20CFC /* IntroViewPresenterTests.swift */; };
		B3FD000526B9AFDE00F20CFC /* IntroViewRouterMock.swift in Sources */ = {isa = PBXBuildFile; fileRef = B3FD000426B9AFDE00F20CFC /* IntroViewRouterMock.swift */; };
		B3FD00BB26BFB00200F20CFC /* MovieDetailsAPIFetcherIntegration.swift in Sources */ = {isa = PBXBuildFile; fileRef = B3FD00BA26BFB00200F20CFC /* MovieDetailsAPIFetcherIntegration.swift */; };
		B3FD014226C0742700F20CFC /* logo.png in Resources */ = {isa = PBXBuildFile; fileRef = B3FD013726C0742700F20CFC /* logo.png */; };
		E93776A4ED870F3385F1FDD2 /* Pods_InterviewTests.framework in Frameworks */ = {isa = PBXBuildFile; fileRef = 75653E2CFEC600686B18BD7E /* Pods_InterviewTests.framework */; };
/* End PBXBuildFile section */

/* Begin PBXContainerItemProxy section */
		B36C869E26AF29D60023B12E /* PBXContainerItemProxy */ = {
			isa = PBXContainerItemProxy;
			containerPortal = B36C867F26AF29D40023B12E /* Project object */;
			proxyType = 1;
			remoteGlobalIDString = B36C868626AF29D40023B12E;
			remoteInfo = Interview;
		};
		B36C86A926AF29D60023B12E /* PBXContainerItemProxy */ = {
			isa = PBXContainerItemProxy;
			containerPortal = B36C867F26AF29D40023B12E /* Project object */;
			proxyType = 1;
			remoteGlobalIDString = B36C868626AF29D40023B12E;
			remoteInfo = Interview;
		};
/* End PBXContainerItemProxy section */

/* Begin PBXCopyFilesBuildPhase section */
		B3FD00D726C0473100F20CFC /* Embed Frameworks */ = {
			isa = PBXCopyFilesBuildPhase;
			buildActionMask = 2147483647;
			dstPath = "";
			dstSubfolderSpec = 10;
			files = (
			);
			name = "Embed Frameworks";
			runOnlyForDeploymentPostprocessing = 0;
		};
/* End PBXCopyFilesBuildPhase section */

/* Begin PBXFileReference section */
		2394C28C27B98F730076F93E /* AppCoordinator.swift */ = {isa = PBXFileReference; lastKnownFileType = sourcecode.swift; path = AppCoordinator.swift; sourceTree = "<group>"; };
		28E89B6396DAF6E69EA34296 /* Pods-Interview.debug.xcconfig */ = {isa = PBXFileReference; includeInIndex = 1; lastKnownFileType = text.xcconfig; name = "Pods-Interview.debug.xcconfig"; path = "Target Support Files/Pods-Interview/Pods-Interview.debug.xcconfig"; sourceTree = "<group>"; };
		565D475C37C2A64F1D1223E4 /* Pods_InterviewUITests.framework */ = {isa = PBXFileReference; explicitFileType = wrapper.framework; includeInIndex = 0; path = Pods_InterviewUITests.framework; sourceTree = BUILT_PRODUCTS_DIR; };
		75653E2CFEC600686B18BD7E /* Pods_InterviewTests.framework */ = {isa = PBXFileReference; explicitFileType = wrapper.framework; includeInIndex = 0; path = Pods_InterviewTests.framework; sourceTree = BUILT_PRODUCTS_DIR; };
		A1F05E220BC755153D9FAA10 /* Pods-Interview-InterviewUITests.debug.xcconfig */ = {isa = PBXFileReference; includeInIndex = 1; lastKnownFileType = text.xcconfig; name = "Pods-Interview-InterviewUITests.debug.xcconfig"; path = "Target Support Files/Pods-Interview-InterviewUITests/Pods-Interview-InterviewUITests.debug.xcconfig"; sourceTree = "<group>"; };
		A74A522EF8B2905E3613CE3B /* Pods_Interview.framework */ = {isa = PBXFileReference; explicitFileType = wrapper.framework; includeInIndex = 0; path = Pods_Interview.framework; sourceTree = BUILT_PRODUCTS_DIR; };
		B30D87EEC32B0CEC46990C10 /* Pods-Interview.release.xcconfig */ = {isa = PBXFileReference; includeInIndex = 1; lastKnownFileType = text.xcconfig; name = "Pods-Interview.release.xcconfig"; path = "Target Support Files/Pods-Interview/Pods-Interview.release.xcconfig"; sourceTree = "<group>"; };
		B36C868726AF29D40023B12E /* Interview.app */ = {isa = PBXFileReference; explicitFileType = wrapper.application; includeInIndex = 0; path = Interview.app; sourceTree = BUILT_PRODUCTS_DIR; };
		B36C868A26AF29D40023B12E /* AppDelegate.swift */ = {isa = PBXFileReference; lastKnownFileType = sourcecode.swift; path = AppDelegate.swift; sourceTree = "<group>"; };
		B36C868C26AF29D40023B12E /* SceneDelegate.swift */ = {isa = PBXFileReference; lastKnownFileType = sourcecode.swift; path = SceneDelegate.swift; sourceTree = "<group>"; };
		B36C868E26AF29D40023B12E /* IntroViewController.swift */ = {isa = PBXFileReference; lastKnownFileType = sourcecode.swift; path = IntroViewController.swift; sourceTree = "<group>"; };
		B36C869326AF29D60023B12E /* Assets.xcassets */ = {isa = PBXFileReference; lastKnownFileType = folder.assetcatalog; path = Assets.xcassets; sourceTree = "<group>"; };
		B36C869626AF29D60023B12E /* Base */ = {isa = PBXFileReference; lastKnownFileType = file.storyboard; name = Base; path = Base.lproj/LaunchScreen.storyboard; sourceTree = "<group>"; };
		B36C869826AF29D60023B12E /* Info.plist */ = {isa = PBXFileReference; lastKnownFileType = text.plist.xml; path = Info.plist; sourceTree = "<group>"; };
		B36C869D26AF29D60023B12E /* InterviewTests.xctest */ = {isa = PBXFileReference; explicitFileType = wrapper.cfbundle; includeInIndex = 0; path = InterviewTests.xctest; sourceTree = BUILT_PRODUCTS_DIR; };
		B36C86A126AF29D60023B12E /* IntroBuilderTests.swift */ = {isa = PBXFileReference; lastKnownFileType = sourcecode.swift; path = IntroBuilderTests.swift; sourceTree = "<group>"; };
		B36C86A326AF29D60023B12E /* Info.plist */ = {isa = PBXFileReference; lastKnownFileType = text.plist.xml; path = Info.plist; sourceTree = "<group>"; };
		B36C86A826AF29D60023B12E /* InterviewUITests.xctest */ = {isa = PBXFileReference; explicitFileType = wrapper.cfbundle; includeInIndex = 0; path = InterviewUITests.xctest; sourceTree = BUILT_PRODUCTS_DIR; };
		B36C86AC26AF29D60023B12E /* BaseTest.swift */ = {isa = PBXFileReference; lastKnownFileType = sourcecode.swift; path = BaseTest.swift; sourceTree = "<group>"; };
		B36C86AE26AF29D60023B12E /* Info.plist */ = {isa = PBXFileReference; lastKnownFileType = text.plist.xml; path = Info.plist; sourceTree = "<group>"; };
		B36C86BB26AF2B990023B12E /* IntroViewPresenter.swift */ = {isa = PBXFileReference; lastKnownFileType = sourcecode.swift; path = IntroViewPresenter.swift; sourceTree = "<group>"; };
		B36C86FC26AF35AA0023B12E /* IntroView.swift */ = {isa = PBXFileReference; lastKnownFileType = sourcecode.swift; path = IntroView.swift; sourceTree = "<group>"; };
		B36C870926AF38CD0023B12E /* en */ = {isa = PBXFileReference; lastKnownFileType = text.plist.strings; name = en; path = en.lproj/Localizable.strings; sourceTree = "<group>"; };
		B36C874526AF46610023B12E /* PagesLinks.framework */ = {isa = PBXFileReference; explicitFileType = wrapper.framework; path = PagesLinks.framework; sourceTree = BUILT_PRODUCTS_DIR; };
		B36C874926AF46740023B12E /* PagesLinks.framework */ = {isa = PBXFileReference; explicitFileType = wrapper.framework; path = PagesLinks.framework; sourceTree = BUILT_PRODUCTS_DIR; };
		B384505726B0329400C183D9 /* UIKit.framework */ = {isa = PBXFileReference; lastKnownFileType = wrapper.framework; name = UIKit.framework; path = System/Library/Frameworks/UIKit.framework; sourceTree = SDKROOT; };
		B384508526B0700E00C183D9 /* IntroViewRouter.swift */ = {isa = PBXFileReference; lastKnownFileType = sourcecode.swift; path = IntroViewRouter.swift; sourceTree = "<group>"; };
		B384513226B0968400C183D9 /* IntroBuilder.swift */ = {isa = PBXFileReference; lastKnownFileType = sourcecode.swift; path = IntroBuilder.swift; sourceTree = "<group>"; };
		B384513726B1A5CD00C183D9 /* MovieListIntegration.swift */ = {isa = PBXFileReference; lastKnownFileType = sourcecode.swift; path = MovieListIntegration.swift; sourceTree = "<group>"; };
		B384513C26B1A62400C183D9 /* TrendingRepoList.framework */ = {isa = PBXFileReference; explicitFileType = wrapper.framework; path = TrendingRepoList.framework; sourceTree = BUILT_PRODUCTS_DIR; };
		B384514426B1B16E00C183D9 /* String+Variables.swift */ = {isa = PBXFileReference; lastKnownFileType = sourcecode.swift; path = "String+Variables.swift"; sourceTree = "<group>"; };
		B384514626B1B1F600C183D9 /* MovieListAPIFetcherIntegration.swift */ = {isa = PBXFileReference; lastKnownFileType = sourcecode.swift; path = MovieListAPIFetcherIntegration.swift; sourceTree = "<group>"; };
		B3E38AF5271B2544009F5FCE /* TestConfigurable.swift */ = {isa = PBXFileReference; lastKnownFileType = sourcecode.swift; path = TestConfigurable.swift; sourceTree = "<group>"; };
		B3E38AF7271B2568009F5FCE /* FeatureController.swift */ = {isa = PBXFileReference; lastKnownFileType = sourcecode.swift; path = FeatureController.swift; sourceTree = "<group>"; };
		B3E38AF9271B259C009F5FCE /* FeatureConfiguration+Extensions.swift */ = {isa = PBXFileReference; lastKnownFileType = sourcecode.swift; path = "FeatureConfiguration+Extensions.swift"; sourceTree = "<group>"; };
		B3E38AFB271B25F0009F5FCE /* FeatureConfiguration.swift */ = {isa = PBXFileReference; lastKnownFileType = sourcecode.swift; path = FeatureConfiguration.swift; sourceTree = "<group>"; };
		B3E38AFF271B264E009F5FCE /* MockAPI.swift */ = {isa = PBXFileReference; fileEncoding = 4; lastKnownFileType = sourcecode.swift; path = MockAPI.swift; sourceTree = "<group>"; };
		B3E38B00271B264E009F5FCE /* LocalhostServer.swift */ = {isa = PBXFileReference; fileEncoding = 4; lastKnownFileType = sourcecode.swift; path = LocalhostServer.swift; sourceTree = "<group>"; };
		B3E38B01271B264E009F5FCE /* MockFile.swift */ = {isa = PBXFileReference; fileEncoding = 4; lastKnownFileType = sourcecode.swift; path = MockFile.swift; sourceTree = "<group>"; };
		B3E38B07271B26EE009F5FCE /* Factory.swift */ = {isa = PBXFileReference; lastKnownFileType = sourcecode.swift; path = Factory.swift; sourceTree = "<group>"; };
		B3E38B09271B270B009F5FCE /* SnapshotController.swift */ = {isa = PBXFileReference; lastKnownFileType = sourcecode.swift; path = SnapshotController.swift; sourceTree = "<group>"; };
		B3E38B0B271B2730009F5FCE /* Email.swift */ = {isa = PBXFileReference; lastKnownFileType = sourcecode.swift; path = Email.swift; sourceTree = "<group>"; };
		B3E38B10271B27AF009F5FCE /* StepsFactory.swift */ = {isa = PBXFileReference; lastKnownFileType = sourcecode.swift; path = StepsFactory.swift; sourceTree = "<group>"; };
		B3E38B12271B280D009F5FCE /* Steps.swift */ = {isa = PBXFileReference; lastKnownFileType = sourcecode.swift; path = Steps.swift; sourceTree = "<group>"; };
		B3E38B14271B2824009F5FCE /* SnapshotSteps.swift */ = {isa = PBXFileReference; lastKnownFileType = sourcecode.swift; path = SnapshotSteps.swift; sourceTree = "<group>"; };
		B3E38B17271B28B6009F5FCE /* SnapshotPaths.swift */ = {isa = PBXFileReference; fileEncoding = 4; lastKnownFileType = sourcecode.swift; path = SnapshotPaths.swift; sourceTree = "<group>"; };
		B3E38B18271B28B6009F5FCE /* Paths.swift */ = {isa = PBXFileReference; fileEncoding = 4; lastKnownFileType = sourcecode.swift; path = Paths.swift; sourceTree = "<group>"; };
		B3E38B19271B28B6009F5FCE /* MockupServerPaths.swift */ = {isa = PBXFileReference; fileEncoding = 4; lastKnownFileType = sourcecode.swift; path = MockupServerPaths.swift; sourceTree = "<group>"; };
		B3E38B1A271B28B6009F5FCE /* PathsFactory.swift */ = {isa = PBXFileReference; fileEncoding = 4; lastKnownFileType = sourcecode.swift; path = PathsFactory.swift; sourceTree = "<group>"; };
		B3E38B21271B291A009F5FCE /* SnapshotPage.swift */ = {isa = PBXFileReference; fileEncoding = 4; lastKnownFileType = sourcecode.swift; path = SnapshotPage.swift; sourceTree = "<group>"; };
		B3E38B22271B291B009F5FCE /* PageFactory.swift */ = {isa = PBXFileReference; fileEncoding = 4; lastKnownFileType = sourcecode.swift; path = PageFactory.swift; sourceTree = "<group>"; };
		B3E38B23271B291B009F5FCE /* SnapShooter.swift */ = {isa = PBXFileReference; fileEncoding = 4; lastKnownFileType = sourcecode.swift; path = SnapShooter.swift; sourceTree = "<group>"; };
		B3E38B27271B29C1009F5FCE /* InterruptiblePage.swift */ = {isa = PBXFileReference; fileEncoding = 4; lastKnownFileType = sourcecode.swift; path = InterruptiblePage.swift; sourceTree = "<group>"; };
		B3E38B28271B29C1009F5FCE /* SharedWebCredentailPage.swift */ = {isa = PBXFileReference; fileEncoding = 4; lastKnownFileType = sourcecode.swift; path = SharedWebCredentailPage.swift; sourceTree = "<group>"; };
		B3E38B29271B29C1009F5FCE /* PushNotificationsAlertPage.swift */ = {isa = PBXFileReference; fileEncoding = 4; lastKnownFileType = sourcecode.swift; path = PushNotificationsAlertPage.swift; sourceTree = "<group>"; };
		B3E38B2B271B29C1009F5FCE /* ActionSheetPage.swift */ = {isa = PBXFileReference; fileEncoding = 4; lastKnownFileType = sourcecode.swift; path = ActionSheetPage.swift; sourceTree = "<group>"; };
		B3E38B2C271B29C2009F5FCE /* AlertPage.swift */ = {isa = PBXFileReference; fileEncoding = 4; lastKnownFileType = sourcecode.swift; path = AlertPage.swift; sourceTree = "<group>"; };
		B3E38B2D271B29C2009F5FCE /* ToastPage.swift */ = {isa = PBXFileReference; fileEncoding = 4; lastKnownFileType = sourcecode.swift; path = ToastPage.swift; sourceTree = "<group>"; };
		B3E38B2E271B29C2009F5FCE /* WebViewPage.swift */ = {isa = PBXFileReference; fileEncoding = 4; lastKnownFileType = sourcecode.swift; path = WebViewPage.swift; sourceTree = "<group>"; };
		B3E38B2F271B29C2009F5FCE /* TabBarPage.swift */ = {isa = PBXFileReference; fileEncoding = 4; lastKnownFileType = sourcecode.swift; path = TabBarPage.swift; sourceTree = "<group>"; };
		B3E38B31271B29C2009F5FCE /* MinimizablePage.swift */ = {isa = PBXFileReference; fileEncoding = 4; lastKnownFileType = sourcecode.swift; path = MinimizablePage.swift; sourceTree = "<group>"; };
		B3E38B3F271B2AC1009F5FCE /* Example.swift */ = {isa = PBXFileReference; lastKnownFileType = sourcecode.swift; path = Example.swift; sourceTree = "<group>"; };
		B3E38B42271B2AF3009F5FCE /* XCUIElement+Utils.swift */ = {isa = PBXFileReference; fileEncoding = 4; lastKnownFileType = sourcecode.swift; path = "XCUIElement+Utils.swift"; sourceTree = "<group>"; };
		B3E38B43271B2AF3009F5FCE /* BaseScreen+Utils.swift */ = {isa = PBXFileReference; fileEncoding = 4; lastKnownFileType = sourcecode.swift; path = "BaseScreen+Utils.swift"; sourceTree = "<group>"; };
		B3E38B44271B2AF3009F5FCE /* String+Utils.swift */ = {isa = PBXFileReference; fileEncoding = 4; lastKnownFileType = sourcecode.swift; path = "String+Utils.swift"; sourceTree = "<group>"; };
		B3E38B45271B2AF3009F5FCE /* Page+Utils.swift */ = {isa = PBXFileReference; fileEncoding = 4; lastKnownFileType = sourcecode.swift; path = "Page+Utils.swift"; sourceTree = "<group>"; };
		B3E38B46271B2AF3009F5FCE /* ElementValidator+Utils.swift */ = {isa = PBXFileReference; fileEncoding = 4; lastKnownFileType = sourcecode.swift; path = "ElementValidator+Utils.swift"; sourceTree = "<group>"; };
		B3E38B47271B2AF3009F5FCE /* TrackingValidationExpectation.swift */ = {isa = PBXFileReference; fileEncoding = 4; lastKnownFileType = sourcecode.swift; path = TrackingValidationExpectation.swift; sourceTree = "<group>"; };
		B3E38B48271B2AF3009F5FCE /* TypeAlias.swift */ = {isa = PBXFileReference; fileEncoding = 4; lastKnownFileType = sourcecode.swift; path = TypeAlias.swift; sourceTree = "<group>"; };
		B3E38B49271B2AF3009F5FCE /* VerifiableElement+Utils.swift */ = {isa = PBXFileReference; fileEncoding = 4; lastKnownFileType = sourcecode.swift; path = "VerifiableElement+Utils.swift"; sourceTree = "<group>"; };
		B3E38B4A271B2AF3009F5FCE /* Bool+Extensions.swift */ = {isa = PBXFileReference; fileEncoding = 4; lastKnownFileType = sourcecode.swift; path = "Bool+Extensions.swift"; sourceTree = "<group>"; };
		B3E38B4B271B2AF3009F5FCE /* LocalizedString.swift */ = {isa = PBXFileReference; fileEncoding = 4; lastKnownFileType = sourcecode.swift; path = LocalizedString.swift; sourceTree = "<group>"; };
		B3E38B4C271B2AF4009F5FCE /* XCUIApplication+Utils.swift */ = {isa = PBXFileReference; fileEncoding = 4; lastKnownFileType = sourcecode.swift; path = "XCUIApplication+Utils.swift"; sourceTree = "<group>"; };
		B3E38B72271B5BB1009F5FCE /* UITestConstants.swift */ = {isa = PBXFileReference; lastKnownFileType = sourcecode.swift; path = UITestConstants.swift; sourceTree = "<group>"; };
		B3E38B7E271C4A3C009F5FCE /* IntroPage.swift */ = {isa = PBXFileReference; lastKnownFileType = sourcecode.swift; path = IntroPage.swift; sourceTree = "<group>"; };
		B3E38B80271C5375009F5FCE /* IntroSteps.swift */ = {isa = PBXFileReference; lastKnownFileType = sourcecode.swift; path = IntroSteps.swift; sourceTree = "<group>"; };
		B3E38B82271C53EE009F5FCE /* IntroPaths.swift */ = {isa = PBXFileReference; lastKnownFileType = sourcecode.swift; path = IntroPaths.swift; sourceTree = "<group>"; };
		B3E38B84271C57A0009F5FCE /* IntroTests.swift */ = {isa = PBXFileReference; lastKnownFileType = sourcecode.swift; path = IntroTests.swift; sourceTree = "<group>"; };
		B3E38B86271C5916009F5FCE /* MovieListPage.swift */ = {isa = PBXFileReference; lastKnownFileType = sourcecode.swift; path = MovieListPage.swift; sourceTree = "<group>"; };
		B3E38B88271C5B45009F5FCE /* MovieListSteps.swift */ = {isa = PBXFileReference; lastKnownFileType = sourcecode.swift; path = MovieListSteps.swift; sourceTree = "<group>"; };
		B3E38B8C271C7B85009F5FCE /* MovieListPaths.swift */ = {isa = PBXFileReference; lastKnownFileType = sourcecode.swift; path = MovieListPaths.swift; sourceTree = "<group>"; };
		B3E38B8E271C7C4D009F5FCE /* MovieListTests.swift */ = {isa = PBXFileReference; lastKnownFileType = sourcecode.swift; path = MovieListTests.swift; sourceTree = "<group>"; };
		B3E38B90271C80C0009F5FCE /* movieList.json */ = {isa = PBXFileReference; fileEncoding = 4; lastKnownFileType = text.json; path = movieList.json; sourceTree = "<group>"; };
		B3E38B92271C9CEC009F5FCE /* LegacyBaseTest.swift */ = {isa = PBXFileReference; lastKnownFileType = sourcecode.swift; path = LegacyBaseTest.swift; sourceTree = "<group>"; };
		B3E38B94271CA417009F5FCE /* BaseUrlBuilder.swift */ = {isa = PBXFileReference; lastKnownFileType = sourcecode.swift; path = BaseUrlBuilder.swift; sourceTree = "<group>"; };
		B3FD000226B9AE1D00F20CFC /* IntroViewPresenterTests.swift */ = {isa = PBXFileReference; lastKnownFileType = sourcecode.swift; path = IntroViewPresenterTests.swift; sourceTree = "<group>"; };
		B3FD000426B9AFDE00F20CFC /* IntroViewRouterMock.swift */ = {isa = PBXFileReference; lastKnownFileType = sourcecode.swift; path = IntroViewRouterMock.swift; sourceTree = "<group>"; };
		B3FD000926B9B2A100F20CFC /* RepoList.framework */ = {isa = PBXFileReference; explicitFileType = wrapper.framework; path = RepoList.framework; sourceTree = BUILT_PRODUCTS_DIR; };
		B3FD00BA26BFB00200F20CFC /* MovieDetailsAPIFetcherIntegration.swift */ = {isa = PBXFileReference; lastKnownFileType = sourcecode.swift; path = MovieDetailsAPIFetcherIntegration.swift; sourceTree = "<group>"; };
		B3FD00E026C0592E00F20CFC /* MovieList.framework */ = {isa = PBXFileReference; explicitFileType = wrapper.framework; path = MovieList.framework; sourceTree = BUILT_PRODUCTS_DIR; };
		B3FD00E326C059C000F20CFC /* MovieList.framework */ = {isa = PBXFileReference; explicitFileType = wrapper.framework; path = MovieList.framework; sourceTree = BUILT_PRODUCTS_DIR; };
		B3FD00E626C05C6200F20CFC /* MovieList.framework */ = {isa = PBXFileReference; explicitFileType = wrapper.framework; path = MovieList.framework; sourceTree = BUILT_PRODUCTS_DIR; };
		B3FD013726C0742700F20CFC /* logo.png */ = {isa = PBXFileReference; lastKnownFileType = image.png; path = logo.png; sourceTree = "<group>"; };
		E76A075671A7F6493E9C118C /* Pods-InterviewUITests.release.xcconfig */ = {isa = PBXFileReference; includeInIndex = 1; lastKnownFileType = text.xcconfig; name = "Pods-InterviewUITests.release.xcconfig"; path = "Target Support Files/Pods-InterviewUITests/Pods-InterviewUITests.release.xcconfig"; sourceTree = "<group>"; };
		ECA19D926F19D2A0EA02B5A8 /* Pods-Interview-InterviewUITests.release.xcconfig */ = {isa = PBXFileReference; includeInIndex = 1; lastKnownFileType = text.xcconfig; name = "Pods-Interview-InterviewUITests.release.xcconfig"; path = "Target Support Files/Pods-Interview-InterviewUITests/Pods-Interview-InterviewUITests.release.xcconfig"; sourceTree = "<group>"; };
		F07EB8D28BC87B61E2248D24 /* Pods-InterviewTests.debug.xcconfig */ = {isa = PBXFileReference; includeInIndex = 1; lastKnownFileType = text.xcconfig; name = "Pods-InterviewTests.debug.xcconfig"; path = "Target Support Files/Pods-InterviewTests/Pods-InterviewTests.debug.xcconfig"; sourceTree = "<group>"; };
		F955F7023FD8F71120252E82 /* Pods-InterviewTests.release.xcconfig */ = {isa = PBXFileReference; includeInIndex = 1; lastKnownFileType = text.xcconfig; name = "Pods-InterviewTests.release.xcconfig"; path = "Target Support Files/Pods-InterviewTests/Pods-InterviewTests.release.xcconfig"; sourceTree = "<group>"; };
		FEE7A976D45EAA8441ACE6FE /* Pods-InterviewUITests.debug.xcconfig */ = {isa = PBXFileReference; includeInIndex = 1; lastKnownFileType = text.xcconfig; name = "Pods-InterviewUITests.debug.xcconfig"; path = "Target Support Files/Pods-InterviewUITests/Pods-InterviewUITests.debug.xcconfig"; sourceTree = "<group>"; };
/* End PBXFileReference section */

/* Begin PBXFrameworksBuildPhase section */
		B36C868426AF29D40023B12E /* Frameworks */ = {
			isa = PBXFrameworksBuildPhase;
			buildActionMask = 2147483647;
			files = (
				B384505826B0329400C183D9 /* UIKit.framework in Frameworks */,
				53247D657BAC905B5BA4EE63 /* Pods_Interview.framework in Frameworks */,
			);
			runOnlyForDeploymentPostprocessing = 0;
		};
		B36C869A26AF29D60023B12E /* Frameworks */ = {
			isa = PBXFrameworksBuildPhase;
			buildActionMask = 2147483647;
			files = (
				E93776A4ED870F3385F1FDD2 /* Pods_InterviewTests.framework in Frameworks */,
			);
			runOnlyForDeploymentPostprocessing = 0;
		};
		B36C86A526AF29D60023B12E /* Frameworks */ = {
			isa = PBXFrameworksBuildPhase;
			buildActionMask = 2147483647;
			files = (
				2126B4970BAF7982A6F49113 /* Pods_InterviewUITests.framework in Frameworks */,
			);
			runOnlyForDeploymentPostprocessing = 0;
		};
/* End PBXFrameworksBuildPhase section */

/* Begin PBXGroup section */
		B36C867E26AF29D40023B12E = {
			isa = PBXGroup;
			children = (
				B36C868926AF29D40023B12E /* Interview */,
				B36C86A026AF29D60023B12E /* InterviewTests */,
				B36C86AB26AF29D60023B12E /* InterviewUITests */,
				B36C868826AF29D40023B12E /* Products */,
				B36C86EC26AF2C700023B12E /* Frameworks */,
				CFBF64009C50906528EAB12E /* Pods */,
			);
			sourceTree = "<group>";
		};
		B36C868826AF29D40023B12E /* Products */ = {
			isa = PBXGroup;
			children = (
				B36C868726AF29D40023B12E /* Interview.app */,
				B36C869D26AF29D60023B12E /* InterviewTests.xctest */,
				B36C86A826AF29D60023B12E /* InterviewUITests.xctest */,
			);
			name = Products;
			sourceTree = "<group>";
		};
		B36C868926AF29D40023B12E /* Interview */ = {
			isa = PBXGroup;
			children = (
				B36C868A26AF29D40023B12E /* AppDelegate.swift */,
				B36C868C26AF29D40023B12E /* SceneDelegate.swift */,
				2394C28C27B98F730076F93E /* AppCoordinator.swift */,
				B384513626B1A5B800C183D9 /* MovieListIntegration */,
				B36C86BA26AF2B830023B12E /* Intro */,
				B36C869326AF29D60023B12E /* Assets.xcassets */,
				B36C869526AF29D60023B12E /* LaunchScreen.storyboard */,
				B36C869826AF29D60023B12E /* Info.plist */,
				B36C870A26AF38CD0023B12E /* Localizable.strings */,
				B384514426B1B16E00C183D9 /* String+Variables.swift */,
				B3E38B94271CA417009F5FCE /* BaseUrlBuilder.swift */,
				B3FD013726C0742700F20CFC /* logo.png */,
			);
			path = Interview;
			sourceTree = "<group>";
		};
		B36C86A026AF29D60023B12E /* InterviewTests */ = {
			isa = PBXGroup;
			children = (
				B3FD000126B9AE1000F20CFC /* Mock */,
				B36C86A126AF29D60023B12E /* IntroBuilderTests.swift */,
				B3FD000226B9AE1D00F20CFC /* IntroViewPresenterTests.swift */,
				B36C86A326AF29D60023B12E /* Info.plist */,
			);
			path = InterviewTests;
			sourceTree = "<group>";
		};
		B36C86AB26AF29D60023B12E /* InterviewUITests */ = {
			isa = PBXGroup;
			children = (
				B3E38B58271B4BC8009F5FCE /* Screen */,
				B3E38B41271B2ADC009F5FCE /* Utils */,
				B3E38B3E271B2A51009F5FCE /* MockupResponses */,
				B3E38B0F271B2772009F5FCE /* Tests */,
				B3E38B0E271B2768009F5FCE /* Paths */,
				B3E38B06271B26DF009F5FCE /* Base */,
				B3E38B05271B26AB009F5FCE /* Pages */,
				B3E38B0D271B275D009F5FCE /* Steps */,
				B3E38AFE271B2640009F5FCE /* Server */,
				B3E38AFD271B2610009F5FCE /* FeatureConfiguration */,
				B36C86AE26AF29D60023B12E /* Info.plist */,
			);
			path = InterviewUITests;
			sourceTree = "<group>";
		};
		B36C86BA26AF2B830023B12E /* Intro */ = {
			isa = PBXGroup;
			children = (
				B36C868E26AF29D40023B12E /* IntroViewController.swift */,
				B36C86BB26AF2B990023B12E /* IntroViewPresenter.swift */,
				B384508526B0700E00C183D9 /* IntroViewRouter.swift */,
				B384513226B0968400C183D9 /* IntroBuilder.swift */,
				B36C86FC26AF35AA0023B12E /* IntroView.swift */,
			);
			path = Intro;
			sourceTree = "<group>";
		};
		B36C86EC26AF2C700023B12E /* Frameworks */ = {
			isa = PBXGroup;
			children = (
				B3FD00E626C05C6200F20CFC /* MovieList.framework */,
				B3FD00E326C059C000F20CFC /* MovieList.framework */,
				B3FD00E026C0592E00F20CFC /* MovieList.framework */,
				B3FD000926B9B2A100F20CFC /* RepoList.framework */,
				B384513C26B1A62400C183D9 /* TrendingRepoList.framework */,
				B384505726B0329400C183D9 /* UIKit.framework */,
				B36C874926AF46740023B12E /* PagesLinks.framework */,
				B36C874526AF46610023B12E /* PagesLinks.framework */,
				A74A522EF8B2905E3613CE3B /* Pods_Interview.framework */,
				75653E2CFEC600686B18BD7E /* Pods_InterviewTests.framework */,
				565D475C37C2A64F1D1223E4 /* Pods_InterviewUITests.framework */,
			);
			name = Frameworks;
			sourceTree = "<group>";
		};
		B384513626B1A5B800C183D9 /* MovieListIntegration */ = {
			isa = PBXGroup;
			children = (
				B384513726B1A5CD00C183D9 /* MovieListIntegration.swift */,
				B3FD00BA26BFB00200F20CFC /* MovieDetailsAPIFetcherIntegration.swift */,
				B384514626B1B1F600C183D9 /* MovieListAPIFetcherIntegration.swift */,
			);
			path = MovieListIntegration;
			sourceTree = "<group>";
		};
		B3E38AFD271B2610009F5FCE /* FeatureConfiguration */ = {
			isa = PBXGroup;
			children = (
				B3E38AF5271B2544009F5FCE /* TestConfigurable.swift */,
				B3E38AF7271B2568009F5FCE /* FeatureController.swift */,
				B3E38B72271B5BB1009F5FCE /* UITestConstants.swift */,
				B3E38AF9271B259C009F5FCE /* FeatureConfiguration+Extensions.swift */,
				B3E38AFB271B25F0009F5FCE /* FeatureConfiguration.swift */,
			);
			path = FeatureConfiguration;
			sourceTree = "<group>";
		};
		B3E38AFE271B2640009F5FCE /* Server */ = {
			isa = PBXGroup;
			children = (
				B3E38B00271B264E009F5FCE /* LocalhostServer.swift */,
				B3E38AFF271B264E009F5FCE /* MockAPI.swift */,
				B3E38B01271B264E009F5FCE /* MockFile.swift */,
			);
			path = Server;
			sourceTree = "<group>";
		};
		B3E38B05271B26AB009F5FCE /* Pages */ = {
			isa = PBXGroup;
			children = (
				B3E38B1F271B28EE009F5FCE /* Base */,
				B3E38B7E271C4A3C009F5FCE /* IntroPage.swift */,
				B3E38B86271C5916009F5FCE /* MovieListPage.swift */,
			);
			path = Pages;
			sourceTree = "<group>";
		};
		B3E38B06271B26DF009F5FCE /* Base */ = {
			isa = PBXGroup;
			children = (
				B36C86AC26AF29D60023B12E /* BaseTest.swift */,
				B3E38B07271B26EE009F5FCE /* Factory.swift */,
				B3E38B09271B270B009F5FCE /* SnapshotController.swift */,
				B3E38B0B271B2730009F5FCE /* Email.swift */,
				B3E38B92271C9CEC009F5FCE /* LegacyBaseTest.swift */,
			);
			path = Base;
			sourceTree = "<group>";
		};
		B3E38B0D271B275D009F5FCE /* Steps */ = {
			isa = PBXGroup;
			children = (
				B3E38B20271B28F4009F5FCE /* Base */,
				B3E38B80271C5375009F5FCE /* IntroSteps.swift */,
				B3E38B88271C5B45009F5FCE /* MovieListSteps.swift */,
			);
			path = Steps;
			sourceTree = "<group>";
		};
		B3E38B0E271B2768009F5FCE /* Paths */ = {
			isa = PBXGroup;
			children = (
				B3E38B3D271B2A17009F5FCE /* Common */,
				B3E38B16271B28A6009F5FCE /* Base */,
				B3E38B82271C53EE009F5FCE /* IntroPaths.swift */,
				B3E38B8C271C7B85009F5FCE /* MovieListPaths.swift */,
			);
			path = Paths;
			sourceTree = "<group>";
		};
		B3E38B0F271B2772009F5FCE /* Tests */ = {
			isa = PBXGroup;
			children = (
				B3E38B3F271B2AC1009F5FCE /* Example.swift */,
				B3E38B84271C57A0009F5FCE /* IntroTests.swift */,
				B3E38B8E271C7C4D009F5FCE /* MovieListTests.swift */,
			);
			path = Tests;
			sourceTree = "<group>";
		};
		B3E38B16271B28A6009F5FCE /* Base */ = {
			isa = PBXGroup;
			children = (
				B3E38B19271B28B6009F5FCE /* MockupServerPaths.swift */,
				B3E38B18271B28B6009F5FCE /* Paths.swift */,
				B3E38B1A271B28B6009F5FCE /* PathsFactory.swift */,
				B3E38B17271B28B6009F5FCE /* SnapshotPaths.swift */,
			);
			path = Base;
			sourceTree = "<group>";
		};
		B3E38B1F271B28EE009F5FCE /* Base */ = {
			isa = PBXGroup;
			children = (
				B3E38B22271B291B009F5FCE /* PageFactory.swift */,
				B3E38B23271B291B009F5FCE /* SnapShooter.swift */,
				B3E38B21271B291A009F5FCE /* SnapshotPage.swift */,
			);
			path = Base;
			sourceTree = "<group>";
		};
		B3E38B20271B28F4009F5FCE /* Base */ = {
			isa = PBXGroup;
			children = (
				B3E38B10271B27AF009F5FCE /* StepsFactory.swift */,
				B3E38B12271B280D009F5FCE /* Steps.swift */,
				B3E38B14271B2824009F5FCE /* SnapshotSteps.swift */,
			);
			path = Base;
			sourceTree = "<group>";
		};
		B3E38B3D271B2A17009F5FCE /* Common */ = {
			isa = PBXGroup;
			children = (
				B3E38B2B271B29C1009F5FCE /* ActionSheetPage.swift */,
				B3E38B2C271B29C2009F5FCE /* AlertPage.swift */,
				B3E38B27271B29C1009F5FCE /* InterruptiblePage.swift */,
				B3E38B31271B29C2009F5FCE /* MinimizablePage.swift */,
				B3E38B29271B29C1009F5FCE /* PushNotificationsAlertPage.swift */,
				B3E38B28271B29C1009F5FCE /* SharedWebCredentailPage.swift */,
				B3E38B2F271B29C2009F5FCE /* TabBarPage.swift */,
				B3E38B2D271B29C2009F5FCE /* ToastPage.swift */,
				B3E38B2E271B29C2009F5FCE /* WebViewPage.swift */,
			);
			path = Common;
			sourceTree = "<group>";
		};
		B3E38B3E271B2A51009F5FCE /* MockupResponses */ = {
			isa = PBXGroup;
			children = (
				B3E38B90271C80C0009F5FCE /* movieList.json */,
			);
			path = MockupResponses;
			sourceTree = "<group>";
		};
		B3E38B41271B2ADC009F5FCE /* Utils */ = {
			isa = PBXGroup;
			children = (
				B3E38B43271B2AF3009F5FCE /* BaseScreen+Utils.swift */,
				B3E38B4A271B2AF3009F5FCE /* Bool+Extensions.swift */,
				B3E38B46271B2AF3009F5FCE /* ElementValidator+Utils.swift */,
				B3E38B4B271B2AF3009F5FCE /* LocalizedString.swift */,
				B3E38B45271B2AF3009F5FCE /* Page+Utils.swift */,
				B3E38B44271B2AF3009F5FCE /* String+Utils.swift */,
				B3E38B47271B2AF3009F5FCE /* TrackingValidationExpectation.swift */,
				B3E38B48271B2AF3009F5FCE /* TypeAlias.swift */,
				B3E38B49271B2AF3009F5FCE /* VerifiableElement+Utils.swift */,
				B3E38B4C271B2AF4009F5FCE /* XCUIApplication+Utils.swift */,
				B3E38B42271B2AF3009F5FCE /* XCUIElement+Utils.swift */,
			);
			path = Utils;
			sourceTree = "<group>";
		};
		B3E38B58271B4BC8009F5FCE /* Screen */ = {
			isa = PBXGroup;
			children = (
			);
			path = Screen;
			sourceTree = "<group>";
		};
		B3FD000126B9AE1000F20CFC /* Mock */ = {
			isa = PBXGroup;
			children = (
				B3FD000426B9AFDE00F20CFC /* IntroViewRouterMock.swift */,
			);
			path = Mock;
			sourceTree = "<group>";
		};
		CFBF64009C50906528EAB12E /* Pods */ = {
			isa = PBXGroup;
			children = (
				28E89B6396DAF6E69EA34296 /* Pods-Interview.debug.xcconfig */,
				B30D87EEC32B0CEC46990C10 /* Pods-Interview.release.xcconfig */,
				A1F05E220BC755153D9FAA10 /* Pods-Interview-InterviewUITests.debug.xcconfig */,
				ECA19D926F19D2A0EA02B5A8 /* Pods-Interview-InterviewUITests.release.xcconfig */,
				F07EB8D28BC87B61E2248D24 /* Pods-InterviewTests.debug.xcconfig */,
				F955F7023FD8F71120252E82 /* Pods-InterviewTests.release.xcconfig */,
				FEE7A976D45EAA8441ACE6FE /* Pods-InterviewUITests.debug.xcconfig */,
				E76A075671A7F6493E9C118C /* Pods-InterviewUITests.release.xcconfig */,
			);
			path = Pods;
			sourceTree = "<group>";
		};
/* End PBXGroup section */

/* Begin PBXNativeTarget section */
		B36C868626AF29D40023B12E /* Interview */ = {
			isa = PBXNativeTarget;
			buildConfigurationList = B36C86B126AF29D60023B12E /* Build configuration list for PBXNativeTarget "Interview" */;
			buildPhases = (
				65F1F6E69C4BDD7F7C5DD4F8 /* [CP] Check Pods Manifest.lock */,
				B36C868326AF29D40023B12E /* Sources */,
				B36C868426AF29D40023B12E /* Frameworks */,
				B36C868526AF29D40023B12E /* Resources */,
				61D234381A6AE7C2D20B1B8C /* [CP] Embed Pods Frameworks */,
				B3FD00D726C0473100F20CFC /* Embed Frameworks */,
			);
			buildRules = (
			);
			dependencies = (
			);
			name = Interview;
			productName = Interview;
			productReference = B36C868726AF29D40023B12E /* Interview.app */;
			productType = "com.apple.product-type.application";
		};
		B36C869C26AF29D60023B12E /* InterviewTests */ = {
			isa = PBXNativeTarget;
			buildConfigurationList = B36C86B426AF29D60023B12E /* Build configuration list for PBXNativeTarget "InterviewTests" */;
			buildPhases = (
				46A92C42E0EB9C9BFC24698C /* [CP] Check Pods Manifest.lock */,
				B36C869926AF29D60023B12E /* Sources */,
				B36C869A26AF29D60023B12E /* Frameworks */,
				B36C869B26AF29D60023B12E /* Resources */,
				F8C77FA32FC7DF60389499B7 /* [CP] Embed Pods Frameworks */,
			);
			buildRules = (
			);
			dependencies = (
				B36C869F26AF29D60023B12E /* PBXTargetDependency */,
			);
			name = InterviewTests;
			productName = InterviewTests;
			productReference = B36C869D26AF29D60023B12E /* InterviewTests.xctest */;
			productType = "com.apple.product-type.bundle.unit-test";
		};
		B36C86A726AF29D60023B12E /* InterviewUITests */ = {
			isa = PBXNativeTarget;
			buildConfigurationList = B36C86B726AF29D60023B12E /* Build configuration list for PBXNativeTarget "InterviewUITests" */;
			buildPhases = (
				BBD9F0392E2DE37A462ED84F /* [CP] Check Pods Manifest.lock */,
				B36C86A426AF29D60023B12E /* Sources */,
				B36C86A526AF29D60023B12E /* Frameworks */,
				B36C86A626AF29D60023B12E /* Resources */,
				F027F09BA872262CFCA3EB30 /* [CP] Embed Pods Frameworks */,
			);
			buildRules = (
			);
			dependencies = (
				B36C86AA26AF29D60023B12E /* PBXTargetDependency */,
			);
			name = InterviewUITests;
			productName = InterviewUITests;
			productReference = B36C86A826AF29D60023B12E /* InterviewUITests.xctest */;
			productType = "com.apple.product-type.bundle.ui-testing";
		};
/* End PBXNativeTarget section */

/* Begin PBXProject section */
		B36C867F26AF29D40023B12E /* Project object */ = {
			isa = PBXProject;
			attributes = {
				LastSwiftUpdateCheck = 1250;
				LastUpgradeCheck = 1250;
				TargetAttributes = {
					B36C868626AF29D40023B12E = {
						CreatedOnToolsVersion = 12.5.1;
					};
					B36C869C26AF29D60023B12E = {
						CreatedOnToolsVersion = 12.5.1;
						TestTargetID = B36C868626AF29D40023B12E;
					};
					B36C86A726AF29D60023B12E = {
						CreatedOnToolsVersion = 12.5.1;
						TestTargetID = B36C868626AF29D40023B12E;
					};
				};
			};
			buildConfigurationList = B36C868226AF29D40023B12E /* Build configuration list for PBXProject "Interview" */;
			compatibilityVersion = "Xcode 9.3";
			developmentRegion = en;
			hasScannedForEncodings = 0;
			knownRegions = (
				en,
				Base,
			);
			mainGroup = B36C867E26AF29D40023B12E;
			productRefGroup = B36C868826AF29D40023B12E /* Products */;
			projectDirPath = "";
			projectRoot = "";
			targets = (
				B36C868626AF29D40023B12E /* Interview */,
				B36C869C26AF29D60023B12E /* InterviewTests */,
				B36C86A726AF29D60023B12E /* InterviewUITests */,
			);
		};
/* End PBXProject section */

/* Begin PBXResourcesBuildPhase section */
		B36C868526AF29D40023B12E /* Resources */ = {
			isa = PBXResourcesBuildPhase;
			buildActionMask = 2147483647;
			files = (
				B3FD014226C0742700F20CFC /* logo.png in Resources */,
				B36C869726AF29D60023B12E /* LaunchScreen.storyboard in Resources */,
				B36C870826AF38CD0023B12E /* Localizable.strings in Resources */,
				B36C869426AF29D60023B12E /* Assets.xcassets in Resources */,
			);
			runOnlyForDeploymentPostprocessing = 0;
		};
		B36C869B26AF29D60023B12E /* Resources */ = {
			isa = PBXResourcesBuildPhase;
			buildActionMask = 2147483647;
			files = (
			);
			runOnlyForDeploymentPostprocessing = 0;
		};
		B36C86A626AF29D60023B12E /* Resources */ = {
			isa = PBXResourcesBuildPhase;
			buildActionMask = 2147483647;
			files = (
				B3E38B91271C80C0009F5FCE /* movieList.json in Resources */,
			);
			runOnlyForDeploymentPostprocessing = 0;
		};
/* End PBXResourcesBuildPhase section */

/* Begin PBXShellScriptBuildPhase section */
		46A92C42E0EB9C9BFC24698C /* [CP] Check Pods Manifest.lock */ = {
			isa = PBXShellScriptBuildPhase;
			buildActionMask = 2147483647;
			files = (
			);
			inputFileListPaths = (
			);
			inputPaths = (
				"${PODS_PODFILE_DIR_PATH}/Podfile.lock",
				"${PODS_ROOT}/Manifest.lock",
			);
			name = "[CP] Check Pods Manifest.lock";
			outputFileListPaths = (
			);
			outputPaths = (
				"$(DERIVED_FILE_DIR)/Pods-InterviewTests-checkManifestLockResult.txt",
			);
			runOnlyForDeploymentPostprocessing = 0;
			shellPath = /bin/sh;
			shellScript = "diff \"${PODS_PODFILE_DIR_PATH}/Podfile.lock\" \"${PODS_ROOT}/Manifest.lock\" > /dev/null\nif [ $? != 0 ] ; then\n    # print error to STDERR\n    echo \"error: The sandbox is not in sync with the Podfile.lock. Run 'pod install' or update your CocoaPods installation.\" >&2\n    exit 1\nfi\n# This output is used by Xcode 'outputs' to avoid re-running this script phase.\necho \"SUCCESS\" > \"${SCRIPT_OUTPUT_FILE_0}\"\n";
			showEnvVarsInLog = 0;
		};
		61D234381A6AE7C2D20B1B8C /* [CP] Embed Pods Frameworks */ = {
			isa = PBXShellScriptBuildPhase;
			buildActionMask = 2147483647;
			files = (
			);
			inputFileListPaths = (
				"${PODS_ROOT}/Target Support Files/Pods-Interview/Pods-Interview-frameworks-${CONFIGURATION}-input-files.xcfilelist",
			);
			name = "[CP] Embed Pods Frameworks";
			outputFileListPaths = (
				"${PODS_ROOT}/Target Support Files/Pods-Interview/Pods-Interview-frameworks-${CONFIGURATION}-output-files.xcfilelist",
			);
			runOnlyForDeploymentPostprocessing = 0;
			shellPath = /bin/sh;
			shellScript = "\"${PODS_ROOT}/Target Support Files/Pods-Interview/Pods-Interview-frameworks.sh\"\n";
			showEnvVarsInLog = 0;
		};
		65F1F6E69C4BDD7F7C5DD4F8 /* [CP] Check Pods Manifest.lock */ = {
			isa = PBXShellScriptBuildPhase;
			buildActionMask = 2147483647;
			files = (
			);
			inputFileListPaths = (
			);
			inputPaths = (
				"${PODS_PODFILE_DIR_PATH}/Podfile.lock",
				"${PODS_ROOT}/Manifest.lock",
			);
			name = "[CP] Check Pods Manifest.lock";
			outputFileListPaths = (
			);
			outputPaths = (
				"$(DERIVED_FILE_DIR)/Pods-Interview-checkManifestLockResult.txt",
			);
			runOnlyForDeploymentPostprocessing = 0;
			shellPath = /bin/sh;
			shellScript = "diff \"${PODS_PODFILE_DIR_PATH}/Podfile.lock\" \"${PODS_ROOT}/Manifest.lock\" > /dev/null\nif [ $? != 0 ] ; then\n    # print error to STDERR\n    echo \"error: The sandbox is not in sync with the Podfile.lock. Run 'pod install' or update your CocoaPods installation.\" >&2\n    exit 1\nfi\n# This output is used by Xcode 'outputs' to avoid re-running this script phase.\necho \"SUCCESS\" > \"${SCRIPT_OUTPUT_FILE_0}\"\n";
			showEnvVarsInLog = 0;
		};
		BBD9F0392E2DE37A462ED84F /* [CP] Check Pods Manifest.lock */ = {
			isa = PBXShellScriptBuildPhase;
			buildActionMask = 2147483647;
			files = (
			);
			inputFileListPaths = (
			);
			inputPaths = (
				"${PODS_PODFILE_DIR_PATH}/Podfile.lock",
				"${PODS_ROOT}/Manifest.lock",
			);
			name = "[CP] Check Pods Manifest.lock";
			outputFileListPaths = (
			);
			outputPaths = (
				"$(DERIVED_FILE_DIR)/Pods-InterviewUITests-checkManifestLockResult.txt",
			);
			runOnlyForDeploymentPostprocessing = 0;
			shellPath = /bin/sh;
			shellScript = "diff \"${PODS_PODFILE_DIR_PATH}/Podfile.lock\" \"${PODS_ROOT}/Manifest.lock\" > /dev/null\nif [ $? != 0 ] ; then\n    # print error to STDERR\n    echo \"error: The sandbox is not in sync with the Podfile.lock. Run 'pod install' or update your CocoaPods installation.\" >&2\n    exit 1\nfi\n# This output is used by Xcode 'outputs' to avoid re-running this script phase.\necho \"SUCCESS\" > \"${SCRIPT_OUTPUT_FILE_0}\"\n";
			showEnvVarsInLog = 0;
		};
		F027F09BA872262CFCA3EB30 /* [CP] Embed Pods Frameworks */ = {
			isa = PBXShellScriptBuildPhase;
			buildActionMask = 2147483647;
			files = (
			);
			inputFileListPaths = (
				"${PODS_ROOT}/Target Support Files/Pods-InterviewUITests/Pods-InterviewUITests-frameworks-${CONFIGURATION}-input-files.xcfilelist",
			);
			name = "[CP] Embed Pods Frameworks";
			outputFileListPaths = (
				"${PODS_ROOT}/Target Support Files/Pods-InterviewUITests/Pods-InterviewUITests-frameworks-${CONFIGURATION}-output-files.xcfilelist",
			);
			runOnlyForDeploymentPostprocessing = 0;
			shellPath = /bin/sh;
			shellScript = "\"${PODS_ROOT}/Target Support Files/Pods-InterviewUITests/Pods-InterviewUITests-frameworks.sh\"\n";
			showEnvVarsInLog = 0;
		};
		F8C77FA32FC7DF60389499B7 /* [CP] Embed Pods Frameworks */ = {
			isa = PBXShellScriptBuildPhase;
			buildActionMask = 2147483647;
			files = (
			);
			inputFileListPaths = (
				"${PODS_ROOT}/Target Support Files/Pods-InterviewTests/Pods-InterviewTests-frameworks-${CONFIGURATION}-input-files.xcfilelist",
			);
			name = "[CP] Embed Pods Frameworks";
			outputFileListPaths = (
				"${PODS_ROOT}/Target Support Files/Pods-InterviewTests/Pods-InterviewTests-frameworks-${CONFIGURATION}-output-files.xcfilelist",
			);
			runOnlyForDeploymentPostprocessing = 0;
			shellPath = /bin/sh;
			shellScript = "\"${PODS_ROOT}/Target Support Files/Pods-InterviewTests/Pods-InterviewTests-frameworks.sh\"\n";
			showEnvVarsInLog = 0;
		};
/* End PBXShellScriptBuildPhase section */

/* Begin PBXSourcesBuildPhase section */
		B36C868326AF29D40023B12E /* Sources */ = {
			isa = PBXSourcesBuildPhase;
			buildActionMask = 2147483647;
			files = (
				B3E38B95271CA417009F5FCE /* BaseUrlBuilder.swift in Sources */,
				B384508626B0700E00C183D9 /* IntroViewRouter.swift in Sources */,
				2394C28D27B98F730076F93E /* AppCoordinator.swift in Sources */,
				B384514526B1B16E00C183D9 /* String+Variables.swift in Sources */,
				B36C868F26AF29D40023B12E /* IntroViewController.swift in Sources */,
				B36C868B26AF29D40023B12E /* AppDelegate.swift in Sources */,
				B384513326B0968400C183D9 /* IntroBuilder.swift in Sources */,
				B384514726B1B1F600C183D9 /* MovieListAPIFetcherIntegration.swift in Sources */,
				B3FD00BB26BFB00200F20CFC /* MovieDetailsAPIFetcherIntegration.swift in Sources */,
				B36C86FD26AF35AA0023B12E /* IntroView.swift in Sources */,
				B384513826B1A5CD00C183D9 /* MovieListIntegration.swift in Sources */,
				B36C86BC26AF2B990023B12E /* IntroViewPresenter.swift in Sources */,
				B36C868D26AF29D40023B12E /* SceneDelegate.swift in Sources */,
			);
			runOnlyForDeploymentPostprocessing = 0;
		};
		B36C869926AF29D60023B12E /* Sources */ = {
			isa = PBXSourcesBuildPhase;
			buildActionMask = 2147483647;
			files = (
				B36C86A226AF29D60023B12E /* IntroBuilderTests.swift in Sources */,
				B3FD000326B9AE1D00F20CFC /* IntroViewPresenterTests.swift in Sources */,
				B3FD000526B9AFDE00F20CFC /* IntroViewRouterMock.swift in Sources */,
			);
			runOnlyForDeploymentPostprocessing = 0;
		};
		B36C86A426AF29D60023B12E /* Sources */ = {
			isa = PBXSourcesBuildPhase;
			buildActionMask = 2147483647;
			files = (
				B3E38B89271C5B45009F5FCE /* MovieListSteps.swift in Sources */,
				B3E38B37271B29C2009F5FCE /* AlertPage.swift in Sources */,
				B3E38B13271B280D009F5FCE /* Steps.swift in Sources */,
				B3E38B52271B2AF4009F5FCE /* TrackingValidationExpectation.swift in Sources */,
				B3E38B25271B291B009F5FCE /* PageFactory.swift in Sources */,
				B3E38B51271B2AF4009F5FCE /* ElementValidator+Utils.swift in Sources */,
				B3E38B33271B29C2009F5FCE /* SharedWebCredentailPage.swift in Sources */,
				B3E38AFC271B25F0009F5FCE /* FeatureConfiguration.swift in Sources */,
				B3E38B24271B291B009F5FCE /* SnapshotPage.swift in Sources */,
				B3E38B50271B2AF4009F5FCE /* Page+Utils.swift in Sources */,
				B3E38B7F271C4A3C009F5FCE /* IntroPage.swift in Sources */,
				B3E38B85271C57A0009F5FCE /* IntroTests.swift in Sources */,
				B3E38B39271B29C2009F5FCE /* WebViewPage.swift in Sources */,
				B3E38B26271B291B009F5FCE /* SnapShooter.swift in Sources */,
				B3E38B36271B29C2009F5FCE /* ActionSheetPage.swift in Sources */,
				B3E38B11271B27AF009F5FCE /* StepsFactory.swift in Sources */,
				B36C86AD26AF29D60023B12E /* BaseTest.swift in Sources */,
				B3E38AFA271B259C009F5FCE /* FeatureConfiguration+Extensions.swift in Sources */,
				B3E38B54271B2AF4009F5FCE /* VerifiableElement+Utils.swift in Sources */,
				B3E38B04271B264E009F5FCE /* MockFile.swift in Sources */,
				B3E38B4E271B2AF4009F5FCE /* BaseScreen+Utils.swift in Sources */,
				B3E38B1C271B28B6009F5FCE /* Paths.swift in Sources */,
				B3E38B0C271B2730009F5FCE /* Email.swift in Sources */,
				B3E38B34271B29C2009F5FCE /* PushNotificationsAlertPage.swift in Sources */,
				B3E38AF8271B2568009F5FCE /* FeatureController.swift in Sources */,
				B3E38B8D271C7B85009F5FCE /* MovieListPaths.swift in Sources */,
				B3E38B8F271C7C4D009F5FCE /* MovieListTests.swift in Sources */,
				B3E38B4F271B2AF4009F5FCE /* String+Utils.swift in Sources */,
				B3E38B55271B2AF4009F5FCE /* Bool+Extensions.swift in Sources */,
				B3E38B4D271B2AF4009F5FCE /* XCUIElement+Utils.swift in Sources */,
				B3E38B32271B29C2009F5FCE /* InterruptiblePage.swift in Sources */,
				B3E38B3A271B29C2009F5FCE /* TabBarPage.swift in Sources */,
				B3E38B81271C5375009F5FCE /* IntroSteps.swift in Sources */,
				B3E38B83271C53EE009F5FCE /* IntroPaths.swift in Sources */,
				B3E38B0A271B270B009F5FCE /* SnapshotController.swift in Sources */,
				B3E38B53271B2AF4009F5FCE /* TypeAlias.swift in Sources */,
				B3E38B40271B2AC1009F5FCE /* Example.swift in Sources */,
				B3E38B38271B29C2009F5FCE /* ToastPage.swift in Sources */,
				B3E38B1B271B28B6009F5FCE /* SnapshotPaths.swift in Sources */,
				B3E38B1E271B28B6009F5FCE /* PathsFactory.swift in Sources */,
				B3E38B56271B2AF4009F5FCE /* LocalizedString.swift in Sources */,
				B3E38B1D271B28B6009F5FCE /* MockupServerPaths.swift in Sources */,
				B3E38B87271C5916009F5FCE /* MovieListPage.swift in Sources */,
				B3E38B15271B2824009F5FCE /* SnapshotSteps.swift in Sources */,
				B3E38B02271B264E009F5FCE /* MockAPI.swift in Sources */,
				B3E38B73271B5BB1009F5FCE /* UITestConstants.swift in Sources */,
				B3E38AF6271B2544009F5FCE /* TestConfigurable.swift in Sources */,
				B3E38B08271B26EE009F5FCE /* Factory.swift in Sources */,
				B3E38B57271B2AF4009F5FCE /* XCUIApplication+Utils.swift in Sources */,
				B3E38B93271C9CEC009F5FCE /* LegacyBaseTest.swift in Sources */,
				B3E38B3C271B29C2009F5FCE /* MinimizablePage.swift in Sources */,
				B3E38B03271B264E009F5FCE /* LocalhostServer.swift in Sources */,
			);
			runOnlyForDeploymentPostprocessing = 0;
		};
/* End PBXSourcesBuildPhase section */

/* Begin PBXTargetDependency section */
		B36C869F26AF29D60023B12E /* PBXTargetDependency */ = {
			isa = PBXTargetDependency;
			target = B36C868626AF29D40023B12E /* Interview */;
			targetProxy = B36C869E26AF29D60023B12E /* PBXContainerItemProxy */;
		};
		B36C86AA26AF29D60023B12E /* PBXTargetDependency */ = {
			isa = PBXTargetDependency;
			target = B36C868626AF29D40023B12E /* Interview */;
			targetProxy = B36C86A926AF29D60023B12E /* PBXContainerItemProxy */;
		};
/* End PBXTargetDependency section */

/* Begin PBXVariantGroup section */
		B36C869526AF29D60023B12E /* LaunchScreen.storyboard */ = {
			isa = PBXVariantGroup;
			children = (
				B36C869626AF29D60023B12E /* Base */,
			);
			name = LaunchScreen.storyboard;
			sourceTree = "<group>";
		};
		B36C870A26AF38CD0023B12E /* Localizable.strings */ = {
			isa = PBXVariantGroup;
			children = (
				B36C870926AF38CD0023B12E /* en */,
			);
			name = Localizable.strings;
			sourceTree = "<group>";
		};
/* End PBXVariantGroup section */

/* Begin XCBuildConfiguration section */
		B36C86AF26AF29D60023B12E /* Debug */ = {
			isa = XCBuildConfiguration;
			buildSettings = {
				ALWAYS_SEARCH_USER_PATHS = NO;
				CLANG_ANALYZER_NONNULL = YES;
				CLANG_ANALYZER_NUMBER_OBJECT_CONVERSION = YES_AGGRESSIVE;
				CLANG_CXX_LANGUAGE_STANDARD = "gnu++14";
				CLANG_CXX_LIBRARY = "libc++";
				CLANG_ENABLE_MODULES = YES;
				CLANG_ENABLE_OBJC_ARC = YES;
				CLANG_ENABLE_OBJC_WEAK = YES;
				CLANG_WARN_BLOCK_CAPTURE_AUTORELEASING = YES;
				CLANG_WARN_BOOL_CONVERSION = YES;
				CLANG_WARN_COMMA = YES;
				CLANG_WARN_CONSTANT_CONVERSION = YES;
				CLANG_WARN_DEPRECATED_OBJC_IMPLEMENTATIONS = YES;
				CLANG_WARN_DIRECT_OBJC_ISA_USAGE = YES_ERROR;
				CLANG_WARN_DOCUMENTATION_COMMENTS = YES;
				CLANG_WARN_EMPTY_BODY = YES;
				CLANG_WARN_ENUM_CONVERSION = YES;
				CLANG_WARN_INFINITE_RECURSION = YES;
				CLANG_WARN_INT_CONVERSION = YES;
				CLANG_WARN_NON_LITERAL_NULL_CONVERSION = YES;
				CLANG_WARN_OBJC_IMPLICIT_RETAIN_SELF = YES;
				CLANG_WARN_OBJC_LITERAL_CONVERSION = YES;
				CLANG_WARN_OBJC_ROOT_CLASS = YES_ERROR;
				CLANG_WARN_QUOTED_INCLUDE_IN_FRAMEWORK_HEADER = YES;
				CLANG_WARN_RANGE_LOOP_ANALYSIS = YES;
				CLANG_WARN_STRICT_PROTOTYPES = YES;
				CLANG_WARN_SUSPICIOUS_MOVE = YES;
				CLANG_WARN_UNGUARDED_AVAILABILITY = YES_AGGRESSIVE;
				CLANG_WARN_UNREACHABLE_CODE = YES;
				CLANG_WARN__DUPLICATE_METHOD_MATCH = YES;
				COPY_PHASE_STRIP = NO;
				DEBUG_INFORMATION_FORMAT = dwarf;
				ENABLE_STRICT_OBJC_MSGSEND = YES;
				ENABLE_TESTABILITY = YES;
				GCC_C_LANGUAGE_STANDARD = gnu11;
				GCC_DYNAMIC_NO_PIC = NO;
				GCC_NO_COMMON_BLOCKS = YES;
				GCC_OPTIMIZATION_LEVEL = 0;
				GCC_PREPROCESSOR_DEFINITIONS = (
					"DEBUG=1",
					"$(inherited)",
				);
				GCC_WARN_64_TO_32_BIT_CONVERSION = YES;
				GCC_WARN_ABOUT_RETURN_TYPE = YES_ERROR;
				GCC_WARN_UNDECLARED_SELECTOR = YES;
				GCC_WARN_UNINITIALIZED_AUTOS = YES_AGGRESSIVE;
				GCC_WARN_UNUSED_FUNCTION = YES;
				GCC_WARN_UNUSED_VARIABLE = YES;
				IPHONEOS_DEPLOYMENT_TARGET = 14.1;
				MTL_ENABLE_DEBUG_INFO = INCLUDE_SOURCE;
				MTL_FAST_MATH = YES;
				ONLY_ACTIVE_ARCH = YES;
				SDKROOT = iphoneos;
				SWIFT_ACTIVE_COMPILATION_CONDITIONS = DEBUG;
				SWIFT_OPTIMIZATION_LEVEL = "-Onone";
			};
			name = Debug;
		};
		B36C86B026AF29D60023B12E /* Release */ = {
			isa = XCBuildConfiguration;
			buildSettings = {
				ALWAYS_SEARCH_USER_PATHS = NO;
				CLANG_ANALYZER_NONNULL = YES;
				CLANG_ANALYZER_NUMBER_OBJECT_CONVERSION = YES_AGGRESSIVE;
				CLANG_CXX_LANGUAGE_STANDARD = "gnu++14";
				CLANG_CXX_LIBRARY = "libc++";
				CLANG_ENABLE_MODULES = YES;
				CLANG_ENABLE_OBJC_ARC = YES;
				CLANG_ENABLE_OBJC_WEAK = YES;
				CLANG_WARN_BLOCK_CAPTURE_AUTORELEASING = YES;
				CLANG_WARN_BOOL_CONVERSION = YES;
				CLANG_WARN_COMMA = YES;
				CLANG_WARN_CONSTANT_CONVERSION = YES;
				CLANG_WARN_DEPRECATED_OBJC_IMPLEMENTATIONS = YES;
				CLANG_WARN_DIRECT_OBJC_ISA_USAGE = YES_ERROR;
				CLANG_WARN_DOCUMENTATION_COMMENTS = YES;
				CLANG_WARN_EMPTY_BODY = YES;
				CLANG_WARN_ENUM_CONVERSION = YES;
				CLANG_WARN_INFINITE_RECURSION = YES;
				CLANG_WARN_INT_CONVERSION = YES;
				CLANG_WARN_NON_LITERAL_NULL_CONVERSION = YES;
				CLANG_WARN_OBJC_IMPLICIT_RETAIN_SELF = YES;
				CLANG_WARN_OBJC_LITERAL_CONVERSION = YES;
				CLANG_WARN_OBJC_ROOT_CLASS = YES_ERROR;
				CLANG_WARN_QUOTED_INCLUDE_IN_FRAMEWORK_HEADER = YES;
				CLANG_WARN_RANGE_LOOP_ANALYSIS = YES;
				CLANG_WARN_STRICT_PROTOTYPES = YES;
				CLANG_WARN_SUSPICIOUS_MOVE = YES;
				CLANG_WARN_UNGUARDED_AVAILABILITY = YES_AGGRESSIVE;
				CLANG_WARN_UNREACHABLE_CODE = YES;
				CLANG_WARN__DUPLICATE_METHOD_MATCH = YES;
				COPY_PHASE_STRIP = NO;
				DEBUG_INFORMATION_FORMAT = "dwarf-with-dsym";
				ENABLE_NS_ASSERTIONS = NO;
				ENABLE_STRICT_OBJC_MSGSEND = YES;
				GCC_C_LANGUAGE_STANDARD = gnu11;
				GCC_NO_COMMON_BLOCKS = YES;
				GCC_WARN_64_TO_32_BIT_CONVERSION = YES;
				GCC_WARN_ABOUT_RETURN_TYPE = YES_ERROR;
				GCC_WARN_UNDECLARED_SELECTOR = YES;
				GCC_WARN_UNINITIALIZED_AUTOS = YES_AGGRESSIVE;
				GCC_WARN_UNUSED_FUNCTION = YES;
				GCC_WARN_UNUSED_VARIABLE = YES;
				IPHONEOS_DEPLOYMENT_TARGET = 14.1;
				MTL_ENABLE_DEBUG_INFO = NO;
				MTL_FAST_MATH = YES;
				SDKROOT = iphoneos;
				SWIFT_COMPILATION_MODE = wholemodule;
				SWIFT_OPTIMIZATION_LEVEL = "-O";
				VALIDATE_PRODUCT = YES;
			};
			name = Release;
		};
		B36C86B226AF29D60023B12E /* Debug */ = {
			isa = XCBuildConfiguration;
			baseConfigurationReference = 28E89B6396DAF6E69EA34296 /* Pods-Interview.debug.xcconfig */;
			buildSettings = {
				ASSETCATALOG_COMPILER_APPICON_NAME = AppIcon;
				ASSETCATALOG_COMPILER_GLOBAL_ACCENT_COLOR_NAME = AccentColor;
				CODE_SIGN_STYLE = Automatic;
				DEVELOPMENT_TEAM = Q25Q5NLBYQ;
				INFOPLIST_FILE = Interview/Info.plist;
				IPHONEOS_DEPLOYMENT_TARGET = 14.1;
				LD_RUNPATH_SEARCH_PATHS = (
					"$(inherited)",
					"@executable_path/Frameworks",
				);
				PRODUCT_BUNDLE_IDENTIFIER = interview.Interview;
				PRODUCT_NAME = "$(TARGET_NAME)";
				SWIFT_VERSION = 5.0;
				TARGETED_DEVICE_FAMILY = "1,2";
			};
			name = Debug;
		};
		B36C86B326AF29D60023B12E /* Release */ = {
			isa = XCBuildConfiguration;
			baseConfigurationReference = B30D87EEC32B0CEC46990C10 /* Pods-Interview.release.xcconfig */;
			buildSettings = {
				ASSETCATALOG_COMPILER_APPICON_NAME = AppIcon;
				ASSETCATALOG_COMPILER_GLOBAL_ACCENT_COLOR_NAME = AccentColor;
				CODE_SIGN_STYLE = Automatic;
				DEVELOPMENT_TEAM = Q25Q5NLBYQ;
				INFOPLIST_FILE = Interview/Info.plist;
				IPHONEOS_DEPLOYMENT_TARGET = 14.1;
				LD_RUNPATH_SEARCH_PATHS = (
					"$(inherited)",
					"@executable_path/Frameworks",
				);
				PRODUCT_BUNDLE_IDENTIFIER = interview.Interview;
				PRODUCT_NAME = "$(TARGET_NAME)";
				SWIFT_VERSION = 5.0;
				TARGETED_DEVICE_FAMILY = "1,2";
			};
			name = Release;
		};
		B36C86B526AF29D60023B12E /* Debug */ = {
			isa = XCBuildConfiguration;
			baseConfigurationReference = F07EB8D28BC87B61E2248D24 /* Pods-InterviewTests.debug.xcconfig */;
			buildSettings = {
				ALWAYS_EMBED_SWIFT_STANDARD_LIBRARIES = YES;
				BUNDLE_LOADER = "$(TEST_HOST)";
				CODE_SIGN_STYLE = Automatic;
				INFOPLIST_FILE = InterviewTests/Info.plist;
				IPHONEOS_DEPLOYMENT_TARGET = 14.5;
				LD_RUNPATH_SEARCH_PATHS = (
					"$(inherited)",
					"@executable_path/Frameworks",
					"@loader_path/Frameworks",
				);
				PRODUCT_BUNDLE_IDENTIFIER = interview.InterviewTests;
				PRODUCT_NAME = "$(TARGET_NAME)";
				SWIFT_VERSION = 5.0;
				TARGETED_DEVICE_FAMILY = "1,2";
				TEST_HOST = "$(BUILT_PRODUCTS_DIR)/Interview.app/Interview";
			};
			name = Debug;
		};
		B36C86B626AF29D60023B12E /* Release */ = {
			isa = XCBuildConfiguration;
			baseConfigurationReference = F955F7023FD8F71120252E82 /* Pods-InterviewTests.release.xcconfig */;
			buildSettings = {
				ALWAYS_EMBED_SWIFT_STANDARD_LIBRARIES = YES;
				BUNDLE_LOADER = "$(TEST_HOST)";
				CODE_SIGN_STYLE = Automatic;
				INFOPLIST_FILE = InterviewTests/Info.plist;
				IPHONEOS_DEPLOYMENT_TARGET = 14.5;
				LD_RUNPATH_SEARCH_PATHS = (
					"$(inherited)",
					"@executable_path/Frameworks",
					"@loader_path/Frameworks",
				);
				PRODUCT_BUNDLE_IDENTIFIER = interview.InterviewTests;
				PRODUCT_NAME = "$(TARGET_NAME)";
				SWIFT_VERSION = 5.0;
				TARGETED_DEVICE_FAMILY = "1,2";
				TEST_HOST = "$(BUILT_PRODUCTS_DIR)/Interview.app/Interview";
			};
			name = Release;
		};
		B36C86B826AF29D60023B12E /* Debug */ = {
			isa = XCBuildConfiguration;
			baseConfigurationReference = FEE7A976D45EAA8441ACE6FE /* Pods-InterviewUITests.debug.xcconfig */;
			buildSettings = {
				ALWAYS_EMBED_SWIFT_STANDARD_LIBRARIES = YES;
				CODE_SIGN_STYLE = Automatic;
				INFOPLIST_FILE = InterviewUITests/Info.plist;
				LD_RUNPATH_SEARCH_PATHS = (
					"$(inherited)",
					"@executable_path/Frameworks",
					"@loader_path/Frameworks",
				);
				PRODUCT_BUNDLE_IDENTIFIER = interview.InterviewUITests;
				PRODUCT_NAME = "$(TARGET_NAME)";
				SWIFT_VERSION = 5.0;
				TARGETED_DEVICE_FAMILY = "1,2";
				TEST_TARGET_NAME = Interview;
			};
			name = Debug;
		};
		B36C86B926AF29D60023B12E /* Release */ = {
			isa = XCBuildConfiguration;
			baseConfigurationReference = E76A075671A7F6493E9C118C /* Pods-InterviewUITests.release.xcconfig */;
			buildSettings = {
				ALWAYS_EMBED_SWIFT_STANDARD_LIBRARIES = YES;
				CODE_SIGN_STYLE = Automatic;
				INFOPLIST_FILE = InterviewUITests/Info.plist;
				LD_RUNPATH_SEARCH_PATHS = (
					"$(inherited)",
					"@executable_path/Frameworks",
					"@loader_path/Frameworks",
				);
				PRODUCT_BUNDLE_IDENTIFIER = interview.InterviewUITests;
				PRODUCT_NAME = "$(TARGET_NAME)";
				SWIFT_VERSION = 5.0;
				TARGETED_DEVICE_FAMILY = "1,2";
				TEST_TARGET_NAME = Interview;
			};
			name = Release;
		};
/* End XCBuildConfiguration section */

/* Begin XCConfigurationList section */
		B36C868226AF29D40023B12E /* Build configuration list for PBXProject "Interview" */ = {
			isa = XCConfigurationList;
			buildConfigurations = (
				B36C86AF26AF29D60023B12E /* Debug */,
				B36C86B026AF29D60023B12E /* Release */,
			);
			defaultConfigurationIsVisible = 0;
			defaultConfigurationName = Release;
		};
		B36C86B126AF29D60023B12E /* Build configuration list for PBXNativeTarget "Interview" */ = {
			isa = XCConfigurationList;
			buildConfigurations = (
				B36C86B226AF29D60023B12E /* Debug */,
				B36C86B326AF29D60023B12E /* Release */,
			);
			defaultConfigurationIsVisible = 0;
			defaultConfigurationName = Release;
		};
		B36C86B426AF29D60023B12E /* Build configuration list for PBXNativeTarget "InterviewTests" */ = {
			isa = XCConfigurationList;
			buildConfigurations = (
				B36C86B526AF29D60023B12E /* Debug */,
				B36C86B626AF29D60023B12E /* Release */,
			);
			defaultConfigurationIsVisible = 0;
			defaultConfigurationName = Release;
		};
		B36C86B726AF29D60023B12E /* Build configuration list for PBXNativeTarget "InterviewUITests" */ = {
			isa = XCConfigurationList;
			buildConfigurations = (
				B36C86B826AF29D60023B12E /* Debug */,
				B36C86B926AF29D60023B12E /* Release */,
			);
			defaultConfigurationIsVisible = 0;
			defaultConfigurationName = Release;
		};
/* End XCConfigurationList section */
	};
	rootObject = B36C867F26AF29D40023B12E /* Project object */;
}
